
Microsoft Visual Studio Solution File, Format Version 12.00
# Visual Studio 15
VisualStudioVersion = 15.0.27703.2042
MinimumVisualStudioVersion = 10.0.40219.1
Project("{9A19103F-16F7-4668-BE54-9A1E7A4F7556}") = "ExpenseManager", "ExpenseManager\ExpenseManager.csproj", "{BC6B1C93-5DAC-4B02-88CB-855821AD96B0}"
EndProject
Project("{FAE04EC0-301F-11D3-BF4B-00C04F79EFBC}") = "RazorHTMLEmails", "RazorHTMLEmails\RazorHTMLEmails.csproj", "{A3A6E73E-784B-4D28-96B8-19447BE8FD8F}"
EndProject
Global
	GlobalSection(SolutionConfigurationPlatforms) = preSolution
		Debug|Any CPU = Debug|Any CPU
		Release|Any CPU = Release|Any CPU
	EndGlobalSection
	GlobalSection(ProjectConfigurationPlatforms) = postSolution
		{BC6B1C93-5DAC-4B02-88CB-855821AD96B0}.Debug|Any CPU.ActiveCfg = Debug|Any CPU
		{BC6B1C93-5DAC-4B02-88CB-855821AD96B0}.Debug|Any CPU.Build.0 = Debug|Any CPU
		{BC6B1C93-5DAC-4B02-88CB-855821AD96B0}.Release|Any CPU.ActiveCfg = Release|Any CPU
		{BC6B1C93-5DAC-4B02-88CB-855821AD96B0}.Release|Any CPU.Build.0 = Release|Any CPU
		{A3A6E73E-784B-4D28-96B8-19447BE8FD8F}.Debug|Any CPU.ActiveCfg = Debug|Any CPU
		{A3A6E73E-784B-4D28-96B8-19447BE8FD8F}.Debug|Any CPU.Build.0 = Debug|Any CPU
		{A3A6E73E-784B-4D28-96B8-19447BE8FD8F}.Release|Any CPU.ActiveCfg = Release|Any CPU
		{A3A6E73E-784B-4D28-96B8-19447BE8FD8F}.Release|Any CPU.Build.0 = Release|Any CPU
	EndGlobalSection
	GlobalSection(SolutionProperties) = preSolution
		HideSolutionNode = FALSE
	EndGlobalSection
	GlobalSection(ExtensibilityGlobals) = postSolution
		SolutionGuid = {039FF1AC-4BD7-4207-8A57-544140208967}
	EndGlobalSection
EndGlobal
